// !$*UTF8*$!
{
	archiveVersion = 1;
	classes = {
	};
	objectVersion = 46;
	objects = {

/* Begin PBXBuildFile section */
		14ECC7831E54A1CB00A596E2 /* AppDelegate.swift in Sources */ = {isa = PBXBuildFile; fileRef = 14ECC7821E54A1CB00A596E2 /* AppDelegate.swift */; };
		14ECC7851E54A1CB00A596E2 /* GameScene.sks in Resources */ = {isa = PBXBuildFile; fileRef = 14ECC7841E54A1CB00A596E2 /* GameScene.sks */; };
		14ECC7871E54A1CB00A596E2 /* Actions.sks in Resources */ = {isa = PBXBuildFile; fileRef = 14ECC7861E54A1CB00A596E2 /* Actions.sks */; };
		14ECC7891E54A1CB00A596E2 /* GameScene.swift in Sources */ = {isa = PBXBuildFile; fileRef = 14ECC7881E54A1CB00A596E2 /* GameScene.swift */; };
		14ECC78B1E54A1CB00A596E2 /* ViewController.swift in Sources */ = {isa = PBXBuildFile; fileRef = 14ECC78A1E54A1CB00A596E2 /* ViewController.swift */; };
		14ECC78D1E54A1CB00A596E2 /* Assets.xcassets in Resources */ = {isa = PBXBuildFile; fileRef = 14ECC78C1E54A1CB00A596E2 /* Assets.xcassets */; };
		14ECC7901E54A1CB00A596E2 /* Main.storyboard in Resources */ = {isa = PBXBuildFile; fileRef = 14ECC78E1E54A1CB00A596E2 /* Main.storyboard */; };
		14ECC79B1E54A1CC00A596E2 /* SpriteKitTestTests.swift in Sources */ = {isa = PBXBuildFile; fileRef = 14ECC79A1E54A1CC00A596E2 /* SpriteKitTestTests.swift */; };
		14ECC7A61E54A1CC00A596E2 /* SpriteKitTestUITests.swift in Sources */ = {isa = PBXBuildFile; fileRef = 14ECC7A51E54A1CC00A596E2 /* SpriteKitTestUITests.swift */; };
/* End PBXBuildFile section */

/* Begin PBXContainerItemProxy section */
		14ECC7971E54A1CC00A596E2 /* PBXContainerItemProxy */ = {
			isa = PBXContainerItemProxy;
			containerPortal = 14ECC7771E54A1CB00A596E2 /* Project object */;
			proxyType = 1;
			remoteGlobalIDString = 14ECC77E1E54A1CB00A596E2;
			remoteInfo = SpriteKitTest;
		};
		14ECC7A21E54A1CC00A596E2 /* PBXContainerItemProxy */ = {
			isa = PBXContainerItemProxy;
			containerPortal = 14ECC7771E54A1CB00A596E2 /* Project object */;
			proxyType = 1;
			remoteGlobalIDString = 14ECC77E1E54A1CB00A596E2;
			remoteInfo = SpriteKitTest;
		};
/* End PBXContainerItemProxy section */

/* Begin PBXFileReference section */
		14ECC77F1E54A1CB00A596E2 /* SpriteKitTest.app */ = {isa = PBXFileReference; explicitFileType = wrapper.application; includeInIndex = 0; path = SpriteKitTest.app; sourceTree = BUILT_PRODUCTS_DIR; };
		14ECC7821E54A1CB00A596E2 /* AppDelegate.swift */ = {isa = PBXFileReference; lastKnownFileType = sourcecode.swift; path = AppDelegate.swift; sourceTree = "<group>"; };
		14ECC7841E54A1CB00A596E2 /* GameScene.sks */ = {isa = PBXFileReference; lastKnownFileType = file.sks; path = GameScene.sks; sourceTree = "<group>"; };
		14ECC7861E54A1CB00A596E2 /* Actions.sks */ = {isa = PBXFileReference; lastKnownFileType = file.sks; path = Actions.sks; sourceTree = "<group>"; };
		14ECC7881E54A1CB00A596E2 /* GameScene.swift */ = {isa = PBXFileReference; lastKnownFileType = sourcecode.swift; path = GameScene.swift; sourceTree = "<group>"; };
		14ECC78A1E54A1CB00A596E2 /* ViewController.swift */ = {isa = PBXFileReference; lastKnownFileType = sourcecode.swift; path = ViewController.swift; sourceTree = "<group>"; };
		14ECC78C1E54A1CB00A596E2 /* Assets.xcassets */ = {isa = PBXFileReference; lastKnownFileType = folder.assetcatalog; path = Assets.xcassets; sourceTree = "<group>"; };
		14ECC78F1E54A1CB00A596E2 /* Base */ = {isa = PBXFileReference; lastKnownFileType = file.storyboard; name = Base; path = Base.lproj/Main.storyboard; sourceTree = "<group>"; };
		14ECC7911E54A1CB00A596E2 /* Info.plist */ = {isa = PBXFileReference; lastKnownFileType = text.plist.xml; path = Info.plist; sourceTree = "<group>"; };
		14ECC7961E54A1CC00A596E2 /* SpriteKitTestTests.xctest */ = {isa = PBXFileReference; explicitFileType = wrapper.cfbundle; includeInIndex = 0; path = SpriteKitTestTests.xctest; sourceTree = BUILT_PRODUCTS_DIR; };
		14ECC79A1E54A1CC00A596E2 /* SpriteKitTestTests.swift */ = {isa = PBXFileReference; lastKnownFileType = sourcecode.swift; path = SpriteKitTestTests.swift; sourceTree = "<group>"; };
		14ECC79C1E54A1CC00A596E2 /* Info.plist */ = {isa = PBXFileReference; lastKnownFileType = text.plist.xml; path = Info.plist; sourceTree = "<group>"; };
		14ECC7A11E54A1CC00A596E2 /* SpriteKitTestUITests.xctest */ = {isa = PBXFileReference; explicitFileType = wrapper.cfbundle; includeInIndex = 0; path = SpriteKitTestUITests.xctest; sourceTree = BUILT_PRODUCTS_DIR; };
		14ECC7A51E54A1CC00A596E2 /* SpriteKitTestUITests.swift */ = {isa = PBXFileReference; lastKnownFileType = sourcecode.swift; path = SpriteKitTestUITests.swift; sourceTree = "<group>"; };
		14ECC7A71E54A1CC00A596E2 /* Info.plist */ = {isa = PBXFileReference; lastKnownFileType = text.plist.xml; path = Info.plist; sourceTree = "<group>"; };
/* End PBXFileReference section */

/* Begin PBXFrameworksBuildPhase section */
		14ECC77C1E54A1CB00A596E2 /* Frameworks */ = {
			isa = PBXFrameworksBuildPhase;
			buildActionMask = 2147483647;
			files = (
			);
			runOnlyForDeploymentPostprocessing = 0;
		};
		14ECC7931E54A1CC00A596E2 /* Frameworks */ = {
			isa = PBXFrameworksBuildPhase;
			buildActionMask = 2147483647;
			files = (
			);
			runOnlyForDeploymentPostprocessing = 0;
		};
		14ECC79E1E54A1CC00A596E2 /* Frameworks */ = {
			isa = PBXFrameworksBuildPhase;
			buildActionMask = 2147483647;
			files = (
			);
			runOnlyForDeploymentPostprocessing = 0;
		};
/* End PBXFrameworksBuildPhase section */

/* Begin PBXGroup section */
		14ECC7761E54A1CB00A596E2 = {
			isa = PBXGroup;
			children = (
				14ECC7811E54A1CB00A596E2 /* SpriteKitTest */,
				14ECC7991E54A1CC00A596E2 /* SpriteKitTestTests */,
				14ECC7A41E54A1CC00A596E2 /* SpriteKitTestUITests */,
				14ECC7801E54A1CB00A596E2 /* Products */,
			);
			sourceTree = "<group>";
		};
		14ECC7801E54A1CB00A596E2 /* Products */ = {
			isa = PBXGroup;
			children = (
				14ECC77F1E54A1CB00A596E2 /* SpriteKitTest.app */,
				14ECC7961E54A1CC00A596E2 /* SpriteKitTestTests.xctest */,
				14ECC7A11E54A1CC00A596E2 /* SpriteKitTestUITests.xctest */,
			);
			name = Products;
			sourceTree = "<group>";
		};
		14ECC7811E54A1CB00A596E2 /* SpriteKitTest */ = {
			isa = PBXGroup;
			children = (
				14ECC7821E54A1CB00A596E2 /* AppDelegate.swift */,
				14ECC7841E54A1CB00A596E2 /* GameScene.sks */,
				14ECC7861E54A1CB00A596E2 /* Actions.sks */,
				14ECC7881E54A1CB00A596E2 /* GameScene.swift */,
				14ECC78A1E54A1CB00A596E2 /* ViewController.swift */,
				14ECC78C1E54A1CB00A596E2 /* Assets.xcassets */,
				14ECC78E1E54A1CB00A596E2 /* Main.storyboard */,
				14ECC7911E54A1CB00A596E2 /* Info.plist */,
			);
			path = SpriteKitTest;
			sourceTree = "<group>";
		};
		14ECC7991E54A1CC00A596E2 /* SpriteKitTestTests */ = {
			isa = PBXGroup;
			children = (
				14ECC79A1E54A1CC00A596E2 /* SpriteKitTestTests.swift */,
				14ECC79C1E54A1CC00A596E2 /* Info.plist */,
			);
			path = SpriteKitTestTests;
			sourceTree = "<group>";
		};
		14ECC7A41E54A1CC00A596E2 /* SpriteKitTestUITests */ = {
			isa = PBXGroup;
			children = (
				14ECC7A51E54A1CC00A596E2 /* SpriteKitTestUITests.swift */,
				14ECC7A71E54A1CC00A596E2 /* Info.plist */,
			);
			path = SpriteKitTestUITests;
			sourceTree = "<group>";
		};
/* End PBXGroup section */

/* Begin PBXNativeTarget section */
		14ECC77E1E54A1CB00A596E2 /* SpriteKitTest */ = {
			isa = PBXNativeTarget;
			buildConfigurationList = 14ECC7AA1E54A1CC00A596E2 /* Build configuration list for PBXNativeTarget "SpriteKitTest" */;
			buildPhases = (
				14ECC77B1E54A1CB00A596E2 /* Sources */,
				14ECC77C1E54A1CB00A596E2 /* Frameworks */,
				14ECC77D1E54A1CB00A596E2 /* Resources */,
			);
			buildRules = (
			);
			dependencies = (
			);
			name = SpriteKitTest;
			productName = SpriteKitTest;
			productReference = 14ECC77F1E54A1CB00A596E2 /* SpriteKitTest.app */;
			productType = "com.apple.product-type.application";
		};
		14ECC7951E54A1CC00A596E2 /* SpriteKitTestTests */ = {
			isa = PBXNativeTarget;
			buildConfigurationList = 14ECC7AD1E54A1CC00A596E2 /* Build configuration list for PBXNativeTarget "SpriteKitTestTests" */;
			buildPhases = (
				14ECC7921E54A1CC00A596E2 /* Sources */,
				14ECC7931E54A1CC00A596E2 /* Frameworks */,
				14ECC7941E54A1CC00A596E2 /* Resources */,
			);
			buildRules = (
			);
			dependencies = (
				14ECC7981E54A1CC00A596E2 /* PBXTargetDependency */,
			);
			name = SpriteKitTestTests;
			productName = SpriteKitTestTests;
			productReference = 14ECC7961E54A1CC00A596E2 /* SpriteKitTestTests.xctest */;
			productType = "com.apple.product-type.bundle.unit-test";
		};
		14ECC7A01E54A1CC00A596E2 /* SpriteKitTestUITests */ = {
			isa = PBXNativeTarget;
			buildConfigurationList = 14ECC7B01E54A1CC00A596E2 /* Build configuration list for PBXNativeTarget "SpriteKitTestUITests" */;
			buildPhases = (
				14ECC79D1E54A1CC00A596E2 /* Sources */,
				14ECC79E1E54A1CC00A596E2 /* Frameworks */,
				14ECC79F1E54A1CC00A596E2 /* Resources */,
			);
			buildRules = (
			);
			dependencies = (
				14ECC7A31E54A1CC00A596E2 /* PBXTargetDependency */,
			);
			name = SpriteKitTestUITests;
			productName = SpriteKitTestUITests;
			productReference = 14ECC7A11E54A1CC00A596E2 /* SpriteKitTestUITests.xctest */;
			productType = "com.apple.product-type.bundle.ui-testing";
		};
/* End PBXNativeTarget section */

/* Begin PBXProject section */
		14ECC7771E54A1CB00A596E2 /* Project object */ = {
			isa = PBXProject;
			attributes = {
				LastSwiftUpdateCheck = 0810;
				LastUpgradeCheck = 0810;
				ORGANIZATIONNAME = "Hellicar Studio";
				TargetAttributes = {
					14ECC77E1E54A1CB00A596E2 = {
						CreatedOnToolsVersion = 8.1;
						DevelopmentTeam = LA353R3B8E;
						ProvisioningStyle = Automatic;
					};
					14ECC7951E54A1CC00A596E2 = {
						CreatedOnToolsVersion = 8.1;
						DevelopmentTeam = LA353R3B8E;
						ProvisioningStyle = Automatic;
						TestTargetID = 14ECC77E1E54A1CB00A596E2;
					};
					14ECC7A01E54A1CC00A596E2 = {
						CreatedOnToolsVersion = 8.1;
						DevelopmentTeam = LA353R3B8E;
						ProvisioningStyle = Automatic;
						TestTargetID = 14ECC77E1E54A1CB00A596E2;
					};
				};
			};
			buildConfigurationList = 14ECC77A1E54A1CB00A596E2 /* Build configuration list for PBXProject "SpriteKitTest" */;
			compatibilityVersion = "Xcode 3.2";
			developmentRegion = English;
			hasScannedForEncodings = 0;
			knownRegions = (
				en,
				Base,
			);
			mainGroup = 14ECC7761E54A1CB00A596E2;
			productRefGroup = 14ECC7801E54A1CB00A596E2 /* Products */;
			projectDirPath = "";
			projectRoot = "";
			targets = (
				14ECC77E1E54A1CB00A596E2 /* SpriteKitTest */,
				14ECC7951E54A1CC00A596E2 /* SpriteKitTestTests */,
				14ECC7A01E54A1CC00A596E2 /* SpriteKitTestUITests */,
			);
		};
/* End PBXProject section */

/* Begin PBXResourcesBuildPhase section */
		14ECC77D1E54A1CB00A596E2 /* Resources */ = {
			isa = PBXResourcesBuildPhase;
			buildActionMask = 2147483647;
			files = (
				14ECC7851E54A1CB00A596E2 /* GameScene.sks in Resources */,
				14ECC78D1E54A1CB00A596E2 /* Assets.xcassets in Resources */,
				14ECC7871E54A1CB00A596E2 /* Actions.sks in Resources */,
				14ECC7901E54A1CB00A596E2 /* Main.storyboard in Resources */,
			);
			runOnlyForDeploymentPostprocessing = 0;
		};
		14ECC7941E54A1CC00A596E2 /* Resources */ = {
			isa = PBXResourcesBuildPhase;
			buildActionMask = 2147483647;
			files = (
			);
			runOnlyForDeploymentPostprocessing = 0;
		};
		14ECC79F1E54A1CC00A596E2 /* Resources */ = {
			isa = PBXResourcesBuildPhase;
			buildActionMask = 2147483647;
			files = (
			);
			runOnlyForDeploymentPostprocessing = 0;
		};
/* End PBXResourcesBuildPhase section */

/* Begin PBXSourcesBuildPhase section */
		14ECC77B1E54A1CB00A596E2 /* Sources */ = {
			isa = PBXSourcesBuildPhase;
			buildActionMask = 2147483647;
			files = (
				14ECC78B1E54A1CB00A596E2 /* ViewController.swift in Sources */,
				14ECC7891E54A1CB00A596E2 /* GameScene.swift in Sources */,
				14ECC7831E54A1CB00A596E2 /* AppDelegate.swift in Sources */,
			);
			runOnlyForDeploymentPostprocessing = 0;
		};
		14ECC7921E54A1CC00A596E2 /* Sources */ = {
			isa = PBXSourcesBuildPhase;
			buildActionMask = 2147483647;
			files = (
				14ECC79B1E54A1CC00A596E2 /* SpriteKitTestTests.swift in Sources */,
			);
			runOnlyForDeploymentPostprocessing = 0;
		};
		14ECC79D1E54A1CC00A596E2 /* Sources */ = {
			isa = PBXSourcesBuildPhase;
			buildActionMask = 2147483647;
			files = (
				14ECC7A61E54A1CC00A596E2 /* SpriteKitTestUITests.swift in Sources */,
			);
			runOnlyForDeploymentPostprocessing = 0;
		};
/* End PBXSourcesBuildPhase section */

/* Begin PBXTargetDependency section */
		14ECC7981E54A1CC00A596E2 /* PBXTargetDependency */ = {
			isa = PBXTargetDependency;
			target = 14ECC77E1E54A1CB00A596E2 /* SpriteKitTest */;
			targetProxy = 14ECC7971E54A1CC00A596E2 /* PBXContainerItemProxy */;
		};
		14ECC7A31E54A1CC00A596E2 /* PBXTargetDependency */ = {
			isa = PBXTargetDependency;
			target = 14ECC77E1E54A1CB00A596E2 /* SpriteKitTest */;
			targetProxy = 14ECC7A21E54A1CC00A596E2 /* PBXContainerItemProxy */;
		};
/* End PBXTargetDependency section */

/* Begin PBXVariantGroup section */
		14ECC78E1E54A1CB00A596E2 /* Main.storyboard */ = {
			isa = PBXVariantGroup;
			children = (
				14ECC78F1E54A1CB00A596E2 /* Base */,
			);
			name = Main.storyboard;
			sourceTree = "<group>";
		};
/* End PBXVariantGroup section */

/* Begin XCBuildConfiguration section */
		14ECC7A81E54A1CC00A596E2 /* Debug */ = {
			isa = XCBuildConfiguration;
			buildSettings = {
				ALWAYS_SEARCH_USER_PATHS = NO;
				CLANG_ANALYZER_NONNULL = YES;
				CLANG_CXX_LANGUAGE_STANDARD = "gnu++0x";
				CLANG_CXX_LIBRARY = "libc++";
				CLANG_ENABLE_MODULES = YES;
				CLANG_ENABLE_OBJC_ARC = YES;
				CLANG_WARN_BOOL_CONVERSION = YES;
				CLANG_WARN_CONSTANT_CONVERSION = YES;
				CLANG_WARN_DIRECT_OBJC_ISA_USAGE = YES_ERROR;
				CLANG_WARN_DOCUMENTATION_COMMENTS = YES;
				CLANG_WARN_EMPTY_BODY = YES;
				CLANG_WARN_ENUM_CONVERSION = YES;
				CLANG_WARN_INFINITE_RECURSION = YES;
				CLANG_WARN_INT_CONVERSION = YES;
				CLANG_WARN_OBJC_ROOT_CLASS = YES_ERROR;
				CLANG_WARN_SUSPICIOUS_MOVES = YES;
				CLANG_WARN_UNREACHABLE_CODE = YES;
				CLANG_WARN__DUPLICATE_METHOD_MATCH = YES;
				CODE_SIGN_IDENTITY = "-";
				COPY_PHASE_STRIP = NO;
				DEBUG_INFORMATION_FORMAT = dwarf;
				ENABLE_STRICT_OBJC_MSGSEND = YES;
				ENABLE_TESTABILITY = YES;
				GCC_C_LANGUAGE_STANDARD = gnu99;
				GCC_DYNAMIC_NO_PIC = NO;
				GCC_NO_COMMON_BLOCKS = YES;
				GCC_OPTIMIZATION_LEVEL = 0;
				GCC_PREPROCESSOR_DEFINITIONS = (
					"DEBUG=1",
					"$(inherited)",
				);
				GCC_WARN_64_TO_32_BIT_CONVERSION = YES;
				GCC_WARN_ABOUT_RETURN_TYPE = YES_ERROR;
				GCC_WARN_UNDECLARED_SELECTOR = YES;
				GCC_WARN_UNINITIALIZED_AUTOS = YES_AGGRESSIVE;
				GCC_WARN_UNUSED_FUNCTION = YES;
				GCC_WARN_UNUSED_VARIABLE = YES;
				MACOSX_DEPLOYMENT_TARGET = 10.12;
				MTL_ENABLE_DEBUG_INFO = YES;
				ONLY_ACTIVE_ARCH = YES;
				SDKROOT = macosx;
				SWIFT_ACTIVE_COMPILATION_CONDITIONS = DEBUG;
				SWIFT_OPTIMIZATION_LEVEL = "-Onone";
			};
			name = Debug;
		};
		14ECC7A91E54A1CC00A596E2 /* Release */ = {
			isa = XCBuildConfiguration;
			buildSettings = {
				ALWAYS_SEARCH_USER_PATHS = NO;
				CLANG_ANALYZER_NONNULL = YES;
				CLANG_CXX_LANGUAGE_STANDARD = "gnu++0x";
				CLANG_CXX_LIBRARY = "libc++";
				CLANG_ENABLE_MODULES = YES;
				CLANG_ENABLE_OBJC_ARC = YES;
				CLANG_WARN_BOOL_CONVERSION = YES;
				CLANG_WARN_CONSTANT_CONVERSION = YES;
				CLANG_WARN_DIRECT_OBJC_ISA_USAGE = YES_ERROR;
				CLANG_WARN_DOCUMENTATION_COMMENTS = YES;
				CLANG_WARN_EMPTY_BODY = YES;
				CLANG_WARN_ENUM_CONVERSION = YES;
				CLANG_WARN_INFINITE_RECURSION = YES;
				CLANG_WARN_INT_CONVERSION = YES;
				CLANG_WARN_OBJC_ROOT_CLASS = YES_ERROR;
				CLANG_WARN_SUSPICIOUS_MOVES = YES;
				CLANG_WARN_UNREACHABLE_CODE = YES;
				CLANG_WARN__DUPLICATE_METHOD_MATCH = YES;
				CODE_SIGN_IDENTITY = "-";
				COPY_PHASE_STRIP = NO;
				DEBUG_INFORMATION_FORMAT = "dwarf-with-dsym";
				ENABLE_NS_ASSERTIONS = NO;
				ENABLE_STRICT_OBJC_MSGSEND = YES;
				GCC_C_LANGUAGE_STANDARD = gnu99;
				GCC_NO_COMMON_BLOCKS = YES;
				GCC_WARN_64_TO_32_BIT_CONVERSION = YES;
				GCC_WARN_ABOUT_RETURN_TYPE = YES_ERROR;
				GCC_WARN_UNDECLARED_SELECTOR = YES;
				GCC_WARN_UNINITIALIZED_AUTOS = YES_AGGRESSIVE;
				GCC_WARN_UNUSED_FUNCTION = YES;
				GCC_WARN_UNUSED_VARIABLE = YES;
				MACOSX_DEPLOYMENT_TARGET = 10.12;
				MTL_ENABLE_DEBUG_INFO = NO;
				SDKROOT = macosx;
				SWIFT_OPTIMIZATION_LEVEL = "-Owholemodule";
			};
			name = Release;
		};
		14ECC7AB1E54A1CC00A596E2 /* Debug */ = {
			isa = XCBuildConfiguration;
			buildSettings = {
				ASSETCATALOG_COMPILER_APPICON_NAME = AppIcon;
				COMBINE_HIDPI_IMAGES = YES;
				DEVELOPMENT_TEAM = LA353R3B8E;
				INFOPLIST_FILE = SpriteKitTest/Info.plist;
				LD_RUNPATH_SEARCH_PATHS = "$(inherited) @executable_path/../Frameworks";
				PRODUCT_BUNDLE_IDENTIFIER = HellicarStudio.SpriteKitTest;
				PRODUCT_NAME = "$(TARGET_NAME)";
				SWIFT_VERSION = 3.0;
			};
			name = Debug;
		};
		14ECC7AC1E54A1CC00A596E2 /* Release */ = {
			isa = XCBuildConfiguration;
			buildSettings = {
				ASSETCATALOG_COMPILER_APPICON_NAME = AppIcon;
				COMBINE_HIDPI_IMAGES = YES;
				DEVELOPMENT_TEAM = LA353R3B8E;
				INFOPLIST_FILE = SpriteKitTest/Info.plist;
				LD_RUNPATH_SEARCH_PATHS = "$(inherited) @executable_path/../Frameworks";
				PRODUCT_BUNDLE_IDENTIFIER = HellicarStudio.SpriteKitTest;
				PRODUCT_NAME = "$(TARGET_NAME)";
				SWIFT_VERSION = 3.0;
			};
			name = Release;
		};
		14ECC7AE1E54A1CC00A596E2 /* Debug */ = {
			isa = XCBuildConfiguration;
			buildSettings = {
				ALWAYS_EMBED_SWIFT_STANDARD_LIBRARIES = YES;
				BUNDLE_LOADER = "$(TEST_HOST)";
				COMBINE_HIDPI_IMAGES = YES;
				DEVELOPMENT_TEAM = LA353R3B8E;
				INFOPLIST_FILE = SpriteKitTestTests/Info.plist;
				LD_RUNPATH_SEARCH_PATHS = "$(inherited) @executable_path/../Frameworks @loader_path/../Frameworks";
				PRODUCT_BUNDLE_IDENTIFIER = HellicarStudio.SpriteKitTestTests;
				PRODUCT_NAME = "$(TARGET_NAME)";
				SWIFT_VERSION = 3.0;
				TEST_HOST = "$(BUILT_PRODUCTS_DIR)/SpriteKitTest.app/Contents/MacOS/SpriteKitTest";
			};
			name = Debug;
		};
		14ECC7AF1E54A1CC00A596E2 /* Release */ = {
			isa = XCBuildConfiguration;
			buildSettings = {
				ALWAYS_EMBED_SWIFT_STANDARD_LIBRARIES = YES;
				BUNDLE_LOADER = "$(TEST_HOST)";
				COMBINE_HIDPI_IMAGES = YES;
				DEVELOPMENT_TEAM = LA353R3B8E;
				INFOPLIST_FILE = SpriteKitTestTests/Info.plist;
				LD_RUNPATH_SEARCH_PATHS = "$(inherited) @executable_path/../Frameworks @loader_path/../Frameworks";
				PRODUCT_BUNDLE_IDENTIFIER = HellicarStudio.SpriteKitTestTests;
				PRODUCT_NAME = "$(TARGET_NAME)";
				SWIFT_VERSION = 3.0;
				TEST_HOST = "$(BUILT_PRODUCTS_DIR)/SpriteKitTest.app/Contents/MacOS/SpriteKitTest";
			};
			name = Release;
		};
		14ECC7B11E54A1CC00A596E2 /* Debug */ = {
			isa = XCBuildConfiguration;
			buildSettings = {
				ALWAYS_EMBED_SWIFT_STANDARD_LIBRARIES = YES;
				COMBINE_HIDPI_IMAGES = YES;
				DEVELOPMENT_TEAM = LA353R3B8E;
				INFOPLIST_FILE = SpriteKitTestUITests/Info.plist;
				LD_RUNPATH_SEARCH_PATHS = "$(inherited) @executable_path/../Frameworks @loader_path/../Frameworks";
				PRODUCT_BUNDLE_IDENTIFIER = HellicarStudio.SpriteKitTestUITests;
				PRODUCT_NAME = "$(TARGET_NAME)";
				SWIFT_VERSION = 3.0;
				TEST_TARGET_NAME = SpriteKitTest;
			};
			name = Debug;
		};
		14ECC7B21E54A1CC00A596E2 /* Release */ = {
			isa = XCBuildConfiguration;
			buildSettings = {
				ALWAYS_EMBED_SWIFT_STANDARD_LIBRARIES = YES;
				COMBINE_HIDPI_IMAGES = YES;
				DEVELOPMENT_TEAM = LA353R3B8E;
				INFOPLIST_FILE = SpriteKitTestUITests/Info.plist;
				LD_RUNPATH_SEARCH_PATHS = "$(inherited) @executable_path/../Frameworks @loader_path/../Frameworks";
				PRODUCT_BUNDLE_IDENTIFIER = HellicarStudio.SpriteKitTestUITests;
				PRODUCT_NAME = "$(TARGET_NAME)";
				SWIFT_VERSION = 3.0;
				TEST_TARGET_NAME = SpriteKitTest;
			};
			name = Release;
		};
/* End XCBuildConfiguration section */

/* Begin XCConfigurationList section */
		14ECC77A1E54A1CB00A596E2 /* Build configuration list for PBXProject "SpriteKitTest" */ = {
			isa = XCConfigurationList;
			buildConfigurations = (
				14ECC7A81E54A1CC00A596E2 /* Debug */,
				14ECC7A91E54A1CC00A596E2 /* Release */,
			);
			defaultConfigurationIsVisible = 0;
			defaultConfigurationName = Release;
		};
		14ECC7AA1E54A1CC00A596E2 /* Build configuration list for PBXNativeTarget "SpriteKitTest" */ = {
			isa = XCConfigurationList;
			buildConfigurations = (
				14ECC7AB1E54A1CC00A596E2 /* Debug */,
				14ECC7AC1E54A1CC00A596E2 /* Release */,
			);
			defaultConfigurationIsVisible = 0;
		};
		14ECC7AD1E54A1CC00A596E2 /* Build configuration list for PBXNativeTarget "SpriteKitTestTests" */ = {
			isa = XCConfigurationList;
			buildConfigurations = (
				14ECC7AE1E54A1CC00A596E2 /* Debug */,
				14ECC7AF1E54A1CC00A596E2 /* Release */,
			);
			defaultConfigurationIsVisible = 0;
		};
		14ECC7B01E54A1CC00A596E2 /* Build configuration list for PBXNativeTarget "SpriteKitTestUITests" */ = {
			isa = XCConfigurationList;
			buildConfigurations = (
				14ECC7B11E54A1CC00A596E2 /* Debug */,
				14ECC7B21E54A1CC00A596E2 /* Release */,
			);
			defaultConfigurationIsVisible = 0;
		};
/* End XCConfigurationList section */
	};
	rootObject = 14ECC7771E54A1CB00A596E2 /* Project object */;
}
